// !$*UTF8*$!
{
	archiveVersion = 1;
	classes = {
	};
	objectVersion = 77;
	objects = {

/* Begin PBXBuildFile section */
		100000000000000000000001 /* PasteListApp.swift in Sources */ = {isa = PBXBuildFile; fileRef = 200000000000000000000001 /* PasteListApp.swift */; };
		100000000000000000000002 /* AppConfiguration.swift in Sources */ = {isa = PBXBuildFile; fileRef = 200000000000000000000002 /* AppConfiguration.swift */; };
		100000000000000000000003 /* PasteListTests.swift in Sources */ = {isa = PBXBuildFile; fileRef = 200000000000000000000004 /* PasteListTests.swift */; };
		100000000000000000000004 /* GRDB in Frameworks */ = {isa = PBXBuildFile; productRef = 700000000000000000000002 /* GRDB */; };
		100000000000000000000005 /* AppPaths.swift in Sources */ = {isa = PBXBuildFile; fileRef = 200000000000000000000007 /* AppPaths.swift */; };
		100000000000000000000006 /* ClipRecord.swift in Sources */ = {isa = PBXBuildFile; fileRef = 200000000000000000000008 /* ClipRecord.swift */; };
		100000000000000000000007 /* AppDatabase.swift in Sources */ = {isa = PBXBuildFile; fileRef = 200000000000000000000009 /* AppDatabase.swift */; };
		100000000000000000000008 /* GRDB in Frameworks */ = {isa = PBXBuildFile; productRef = 700000000000000000000002 /* GRDB */; };
		100000000000000000000009 /* ClipRepository.swift in Sources */ = {isa = PBXBuildFile; fileRef = 200000000000000000000010 /* ClipRepository.swift */; };
		100000000000000000000010 /* ClipRepositoryTests.swift in Sources */ = {isa = PBXBuildFile; fileRef = 200000000000000000000011 /* ClipRepositoryTests.swift */; };
		100000000000000000000011 /* BlobStorage.swift in Sources */ = {isa = PBXBuildFile; fileRef = 200000000000000000000012 /* BlobStorage.swift */; };
		100000000000000000000012 /* BlobStorageTests.swift in Sources */ = {isa = PBXBuildFile; fileRef = 200000000000000000000013 /* BlobStorageTests.swift */; };
		100000000000000000000013 /* ClipboardParser.swift in Sources */ = {isa = PBXBuildFile; fileRef = 200000000000000000000014 /* ClipboardParser.swift */; };
		100000000000000000000014 /* ClipboardParserTests.swift in Sources */ = {isa = PBXBuildFile; fileRef = 200000000000000000000015 /* ClipboardParserTests.swift */; };
		100000000000000000000015 /* PasteboardMonitor.swift in Sources */ = {isa = PBXBuildFile; fileRef = 200000000000000000000016 /* PasteboardMonitor.swift */; };
		100000000000000000000016 /* PasteboardMonitorTests.swift in Sources */ = {isa = PBXBuildFile; fileRef = 200000000000000000000017 /* PasteboardMonitorTests.swift */; };
		100000000000000000000018 /* StatusItemController.swift in Sources */ = {isa = PBXBuildFile; fileRef = 200000000000000000000018 /* StatusItemController.swift */; };
		100000000000000000000019 /* HistoryView.swift in Sources */ = {isa = PBXBuildFile; fileRef = 200000000000000000000019 /* HistoryView.swift */; };
		100000000000000000000020 /* HistoryViewModel.swift in Sources */ = {isa = PBXBuildFile; fileRef = 200000000000000000000020 /* HistoryViewModel.swift */; };
		100000000000000000000021 /* ImageThumbnailCache.swift in Sources */ = {isa = PBXBuildFile; fileRef = 200000000000000000000021 /* ImageThumbnailCache.swift */; };
		100000000000000000000022 /* ClipRestorer.swift in Sources */ = {isa = PBXBuildFile; fileRef = 200000000000000000000022 /* ClipRestorer.swift */; };
		100000000000000000000023 /* ClipRestorerTests.swift in Sources */ = {isa = PBXBuildFile; fileRef = 200000000000000000000023 /* ClipRestorerTests.swift */; };
		100000000000000000000024 /* PasteAutomationController.swift in Sources */ = {isa = PBXBuildFile; fileRef = 200000000000000000000024 /* PasteAutomationController.swift */; };
		100000000000000000000025 /* GlobalHotKeyController.swift in Sources */ = {isa = PBXBuildFile; fileRef = 200000000000000000000025 /* GlobalHotKeyController.swift */; };
		100000000000000000000026 /* PreferencesView.swift in Sources */ = {isa = PBXBuildFile; fileRef = 200000000000000000000026 /* PreferencesView.swift */; };
		100000000000000000000027 /* LaunchAtLoginController.swift in Sources */ = {isa = PBXBuildFile; fileRef = 200000000000000000000027 /* LaunchAtLoginController.swift */; };
		100000000000000000000028 /* PreferencesWindowController.swift in Sources */ = {isa = PBXBuildFile; fileRef = 200000000000000000000028 /* PreferencesWindowController.swift */; };
		100000000000000000000029 /* RetentionService.swift in Sources */ = {isa = PBXBuildFile; fileRef = 200000000000000000000029 /* RetentionService.swift */; };
		100000000000000000000030 /* BulkPasteController.swift in Sources */ = {isa = PBXBuildFile; fileRef = 200000000000000000000030 /* BulkPasteController.swift */; };
		100000000000000000000031 /* RetentionServiceTests.swift in Sources */ = {isa = PBXBuildFile; fileRef = 200000000000000000000031 /* RetentionServiceTests.swift */; };
		100000000000000000000032 /* BulkPasteTests.swift in Sources */ = {isa = PBXBuildFile; fileRef = 200000000000000000000032 /* BulkPasteTests.swift */; };
		100000000000000000000033 /* Assets.xcassets in Resources */ = {isa = PBXBuildFile; fileRef = 200000000000000000000033 /* Assets.xcassets */; };
		100000000000000000000034 /* CursorPanelComponents.swift in Sources */ = {isa = PBXBuildFile; fileRef = 200000000000000000000034 /* CursorPanelComponents.swift */; };
		100000000000000000000035 /* HistoryAppKitInteractions.swift in Sources */ = {isa = PBXBuildFile; fileRef = 200000000000000000000035 /* HistoryAppKitInteractions.swift */; };
		100000000000000000000036 /* HistoryRowComponents.swift in Sources */ = {isa = PBXBuildFile; fileRef = 200000000000000000000036 /* HistoryRowComponents.swift */; };
		100000000000000000000037 /* HistorySelectionSupport.swift in Sources */ = {isa = PBXBuildFile; fileRef = 200000000000000000000037 /* HistorySelectionSupport.swift */; };
		100000000000000000000038 /* HistoryViewModelTests.swift in Sources */ = {isa = PBXBuildFile; fileRef = 200000000000000000000038 /* HistoryViewModelTests.swift */; };
		100000000000000000000039 /* ImagePreviewPanelController.swift in Sources */ = {isa = PBXBuildFile; fileRef = 200000000000000000000039 /* ImagePreviewPanelController.swift */; };
		10000000000000000000003A /* SavedClipsPanelController.swift in Sources */ = {isa = PBXBuildFile; fileRef = 20000000000000000000003A /* SavedClipsPanelController.swift */; };
		10000000000000000000003B /* SavedClipsView.swift in Sources */ = {isa = PBXBuildFile; fileRef = 20000000000000000000003B /* SavedClipsView.swift */; };
		10000000000000000000003C /* OnboardingState.swift in Sources */ = {isa = PBXBuildFile; fileRef = 20000000000000000000003C /* OnboardingState.swift */; };
		10000000000000000000003D /* OnboardingWindowController.swift in Sources */ = {isa = PBXBuildFile; fileRef = 20000000000000000000003D /* OnboardingWindowController.swift */; };
		10000000000000000000003E /* PrivacyInfo.xcprivacy in Resources */ = {isa = PBXBuildFile; fileRef = 20000000000000000000003E /* PrivacyInfo.xcprivacy */; };
		10000000000000000000003F /* PasteFallbackPanelController.swift in Sources */ = {isa = PBXBuildFile; fileRef = 20000000000000000000003F /* PasteFallbackPanelController.swift */; };
		100000000000000000000040 /* AppReviewRequestController.swift in Sources */ = {isa = PBXBuildFile; fileRef = 200000000000000000000040 /* AppReviewRequestController.swift */; };
		100000000000000000000041 /* AppReviewRequestControllerTests.swift in Sources */ = {isa = PBXBuildFile; fileRef = 200000000000000000000041 /* AppReviewRequestControllerTests.swift */; };
		100000000000000000000042 /* FeatureTipsState.swift in Sources */ = {isa = PBXBuildFile; fileRef = 200000000000000000000042 /* FeatureTipsState.swift */; };
		100000000000000000000043 /* FeatureTipBubble.swift in Sources */ = {isa = PBXBuildFile; fileRef = 200000000000000000000043 /* FeatureTipBubble.swift */; };
		100000000000000000000044 /* FeatureTipArrowBubble.swift in Sources */ = {isa = PBXBuildFile; fileRef = 200000000000000000000044 /* FeatureTipArrowBubble.swift */; };
/* End PBXBuildFile section */

/* Begin PBXContainerItemProxy section */
		300000000000000000000001 /* PBXContainerItemProxy */ = {
			isa = PBXContainerItemProxy;
			containerPortal = 400000000000000000000001 /* Project object */;
			proxyType = 1;
			remoteGlobalIDString = 500000000000000000000001;
			remoteInfo = PasteList;
		};
/* End PBXContainerItemProxy section */

/* Begin PBXFileReference section */
		200000000000000000000001 /* PasteListApp.swift */ = {isa = PBXFileReference; lastKnownFileType = sourcecode.swift; path = PasteListApp.swift; sourceTree = "<group>"; };
		200000000000000000000002 /* AppConfiguration.swift */ = {isa = PBXFileReference; lastKnownFileType = sourcecode.swift; path = AppConfiguration.swift; sourceTree = "<group>"; };
		200000000000000000000003 /* Info.plist */ = {isa = PBXFileReference; lastKnownFileType = text.plist.xml; path = Info.plist; sourceTree = "<group>"; };
		200000000000000000000004 /* PasteListTests.swift */ = {isa = PBXFileReference; lastKnownFileType = sourcecode.swift; path = PasteListTests.swift; sourceTree = "<group>"; };
		200000000000000000000005 /* PasteDebug.app */ = {isa = PBXFileReference; explicitFileType = wrapper.application; includeInIndex = 0; path = PasteDebug.app; sourceTree = BUILT_PRODUCTS_DIR; };
		200000000000000000000006 /* PasteListTests.xctest */ = {isa = PBXFileReference; explicitFileType = wrapper.cfbundle; includeInIndex = 0; path = PasteListTests.xctest; sourceTree = BUILT_PRODUCTS_DIR; };
		200000000000000000000007 /* AppPaths.swift */ = {isa = PBXFileReference; lastKnownFileType = sourcecode.swift; path = AppPaths.swift; sourceTree = "<group>"; };
		200000000000000000000008 /* ClipRecord.swift */ = {isa = PBXFileReference; lastKnownFileType = sourcecode.swift; path = ClipRecord.swift; sourceTree = "<group>"; };
		200000000000000000000009 /* AppDatabase.swift */ = {isa = PBXFileReference; lastKnownFileType = sourcecode.swift; path = AppDatabase.swift; sourceTree = "<group>"; };
		200000000000000000000010 /* ClipRepository.swift */ = {isa = PBXFileReference; lastKnownFileType = sourcecode.swift; path = ClipRepository.swift; sourceTree = "<group>"; };
		200000000000000000000011 /* ClipRepositoryTests.swift */ = {isa = PBXFileReference; lastKnownFileType = sourcecode.swift; path = ClipRepositoryTests.swift; sourceTree = "<group>"; };
		200000000000000000000012 /* BlobStorage.swift */ = {isa = PBXFileReference; lastKnownFileType = sourcecode.swift; path = BlobStorage.swift; sourceTree = "<group>"; };
		200000000000000000000013 /* BlobStorageTests.swift */ = {isa = PBXFileReference; lastKnownFileType = sourcecode.swift; path = BlobStorageTests.swift; sourceTree = "<group>"; };
		200000000000000000000014 /* ClipboardParser.swift */ = {isa = PBXFileReference; lastKnownFileType = sourcecode.swift; path = ClipboardParser.swift; sourceTree = "<group>"; };
		200000000000000000000015 /* ClipboardParserTests.swift */ = {isa = PBXFileReference; lastKnownFileType = sourcecode.swift; path = ClipboardParserTests.swift; sourceTree = "<group>"; };
		200000000000000000000016 /* PasteboardMonitor.swift */ = {isa = PBXFileReference; lastKnownFileType = sourcecode.swift; path = PasteboardMonitor.swift; sourceTree = "<group>"; };
		200000000000000000000017 /* PasteboardMonitorTests.swift */ = {isa = PBXFileReference; lastKnownFileType = sourcecode.swift; path = PasteboardMonitorTests.swift; sourceTree = "<group>"; };
		200000000000000000000018 /* StatusItemController.swift */ = {isa = PBXFileReference; lastKnownFileType = sourcecode.swift; path = StatusItemController.swift; sourceTree = "<group>"; };
		200000000000000000000019 /* HistoryView.swift */ = {isa = PBXFileReference; lastKnownFileType = sourcecode.swift; path = HistoryView.swift; sourceTree = "<group>"; };
		200000000000000000000020 /* HistoryViewModel.swift */ = {isa = PBXFileReference; lastKnownFileType = sourcecode.swift; path = HistoryViewModel.swift; sourceTree = "<group>"; };
		200000000000000000000021 /* ImageThumbnailCache.swift */ = {isa = PBXFileReference; lastKnownFileType = sourcecode.swift; path = ImageThumbnailCache.swift; sourceTree = "<group>"; };
		200000000000000000000022 /* ClipRestorer.swift */ = {isa = PBXFileReference; lastKnownFileType = sourcecode.swift; path = ClipRestorer.swift; sourceTree = "<group>"; };
		200000000000000000000023 /* ClipRestorerTests.swift */ = {isa = PBXFileReference; lastKnownFileType = sourcecode.swift; path = ClipRestorerTests.swift; sourceTree = "<group>"; };
		200000000000000000000024 /* PasteAutomationController.swift */ = {isa = PBXFileReference; lastKnownFileType = sourcecode.swift; path = PasteAutomationController.swift; sourceTree = "<group>"; };
		200000000000000000000025 /* GlobalHotKeyController.swift */ = {isa = PBXFileReference; lastKnownFileType = sourcecode.swift; path = GlobalHotKeyController.swift; sourceTree = "<group>"; };
		200000000000000000000026 /* PreferencesView.swift */ = {isa = PBXFileReference; lastKnownFileType = sourcecode.swift; path = PreferencesView.swift; sourceTree = "<group>"; };
		200000000000000000000027 /* LaunchAtLoginController.swift */ = {isa = PBXFileReference; lastKnownFileType = sourcecode.swift; path = LaunchAtLoginController.swift; sourceTree = "<group>"; };
		200000000000000000000028 /* PreferencesWindowController.swift */ = {isa = PBXFileReference; lastKnownFileType = sourcecode.swift; path = PreferencesWindowController.swift; sourceTree = "<group>"; };
		200000000000000000000029 /* RetentionService.swift */ = {isa = PBXFileReference; lastKnownFileType = sourcecode.swift; path = RetentionService.swift; sourceTree = "<group>"; };
		200000000000000000000030 /* BulkPasteController.swift */ = {isa = PBXFileReference; lastKnownFileType = sourcecode.swift; path = BulkPasteController.swift; sourceTree = "<group>"; };
		200000000000000000000031 /* RetentionServiceTests.swift */ = {isa = PBXFileReference; lastKnownFileType = sourcecode.swift; path = RetentionServiceTests.swift; sourceTree = "<group>"; };
		200000000000000000000032 /* BulkPasteTests.swift */ = {isa = PBXFileReference; lastKnownFileType = sourcecode.swift; path = BulkPasteTests.swift; sourceTree = "<group>"; };
		200000000000000000000033 /* Assets.xcassets */ = {isa = PBXFileReference; lastKnownFileType = folder.assetcatalog; path = Assets.xcassets; sourceTree = "<group>"; };
		200000000000000000000034 /* CursorPanelComponents.swift */ = {isa = PBXFileReference; lastKnownFileType = sourcecode.swift; path = CursorPanelComponents.swift; sourceTree = "<group>"; };
		200000000000000000000035 /* HistoryAppKitInteractions.swift */ = {isa = PBXFileReference; lastKnownFileType = sourcecode.swift; path = HistoryAppKitInteractions.swift; sourceTree = "<group>"; };
		200000000000000000000036 /* HistoryRowComponents.swift */ = {isa = PBXFileReference; lastKnownFileType = sourcecode.swift; path = HistoryRowComponents.swift; sourceTree = "<group>"; };
		200000000000000000000037 /* HistorySelectionSupport.swift */ = {isa = PBXFileReference; lastKnownFileType = sourcecode.swift; path = HistorySelectionSupport.swift; sourceTree = "<group>"; };
		200000000000000000000038 /* HistoryViewModelTests.swift */ = {isa = PBXFileReference; lastKnownFileType = sourcecode.swift; path = HistoryViewModelTests.swift; sourceTree = "<group>"; };
		200000000000000000000039 /* ImagePreviewPanelController.swift */ = {isa = PBXFileReference; lastKnownFileType = sourcecode.swift; path = ImagePreviewPanelController.swift; sourceTree = "<group>"; };
		20000000000000000000003A /* SavedClipsPanelController.swift */ = {isa = PBXFileReference; lastKnownFileType = sourcecode.swift; path = SavedClipsPanelController.swift; sourceTree = "<group>"; };
		20000000000000000000003B /* SavedClipsView.swift */ = {isa = PBXFileReference; lastKnownFileType = sourcecode.swift; path = SavedClipsView.swift; sourceTree = "<group>"; };
		20000000000000000000003C /* OnboardingState.swift */ = {isa = PBXFileReference; lastKnownFileType = sourcecode.swift; path = OnboardingState.swift; sourceTree = "<group>"; };
		20000000000000000000003D /* OnboardingWindowController.swift */ = {isa = PBXFileReference; lastKnownFileType = sourcecode.swift; path = OnboardingWindowController.swift; sourceTree = "<group>"; };
		20000000000000000000003E /* PrivacyInfo.xcprivacy */ = {isa = PBXFileReference; lastKnownFileType = text.xml; path = PrivacyInfo.xcprivacy; sourceTree = "<group>"; };
		20000000000000000000003F /* PasteFallbackPanelController.swift */ = {isa = PBXFileReference; lastKnownFileType = sourcecode.swift; path = PasteFallbackPanelController.swift; sourceTree = "<group>"; };
		200000000000000000000040 /* AppReviewRequestController.swift */ = {isa = PBXFileReference; lastKnownFileType = sourcecode.swift; path = AppReviewRequestController.swift; sourceTree = "<group>"; };
		200000000000000000000041 /* AppReviewRequestControllerTests.swift */ = {isa = PBXFileReference; lastKnownFileType = sourcecode.swift; path = AppReviewRequestControllerTests.swift; sourceTree = "<group>"; };
		200000000000000000000042 /* FeatureTipsState.swift */ = {isa = PBXFileReference; lastKnownFileType = sourcecode.swift; path = FeatureTipsState.swift; sourceTree = "<group>"; };
		200000000000000000000043 /* FeatureTipBubble.swift */ = {isa = PBXFileReference; lastKnownFileType = sourcecode.swift; path = FeatureTipBubble.swift; sourceTree = "<group>"; };
		200000000000000000000044 /* FeatureTipArrowBubble.swift */ = {isa = PBXFileReference; lastKnownFileType = sourcecode.swift; path = FeatureTipArrowBubble.swift; sourceTree = "<group>"; };
/* End PBXFileReference section */

/* Begin PBXFrameworksBuildPhase section */
		600000000000000000000001 /* Frameworks */ = {
			isa = PBXFrameworksBuildPhase;
			buildActionMask = 2147483647;
			files = (
				100000000000000000000004 /* GRDB in Frameworks */,
			);
			runOnlyForDeploymentPostprocessing = 0;
		};
		600000000000000000000004 /* Frameworks */ = {
			isa = PBXFrameworksBuildPhase;
			buildActionMask = 2147483647;
			files = (
				100000000000000000000008 /* GRDB in Frameworks */,
			);
			runOnlyForDeploymentPostprocessing = 0;
		};
/* End PBXFrameworksBuildPhase section */

/* Begin PBXGroup section */
		400000000000000000000002 = {
			isa = PBXGroup;
			children = (
				400000000000000000000003 /* PasteList */,
				400000000000000000000004 /* PasteListTests */,
				400000000000000000000005 /* Products */,
			);
			sourceTree = "<group>";
		};
		400000000000000000000003 /* PasteList */ = {
			isa = PBXGroup;
			children = (
				200000000000000000000002 /* AppConfiguration.swift */,
				200000000000000000000001 /* PasteListApp.swift */,
				200000000000000000000033 /* Assets.xcassets */,
				400000000000000000000009 /* Clipboard */,
				400000000000000000000006 /* Models */,
				400000000000000000000007 /* Storage */,
				400000000000000000000008 /* Support */,
				400000000000000000000010 /* UI */,
				200000000000000000000003 /* Info.plist */,
				20000000000000000000003E /* PrivacyInfo.xcprivacy */,
			);
			path = PasteList;
			sourceTree = "<group>";
		};
		400000000000000000000004 /* PasteListTests */ = {
			isa = PBXGroup;
			children = (
				200000000000000000000041 /* AppReviewRequestControllerTests.swift */,
				200000000000000000000013 /* BlobStorageTests.swift */,
				200000000000000000000032 /* BulkPasteTests.swift */,
				200000000000000000000023 /* ClipRestorerTests.swift */,
				200000000000000000000015 /* ClipboardParserTests.swift */,
				200000000000000000000011 /* ClipRepositoryTests.swift */,
				200000000000000000000004 /* PasteListTests.swift */,
				200000000000000000000038 /* HistoryViewModelTests.swift */,
				200000000000000000000017 /* PasteboardMonitorTests.swift */,
				200000000000000000000031 /* RetentionServiceTests.swift */,
			);
			path = PasteListTests;
			sourceTree = "<group>";
		};
		400000000000000000000005 /* Products */ = {
			isa = PBXGroup;
			children = (
				200000000000000000000005 /* PasteDebug.app */,
				200000000000000000000006 /* PasteListTests.xctest */,
			);
			name = Products;
			sourceTree = "<group>";
		};
		400000000000000000000006 /* Models */ = {
			isa = PBXGroup;
			children = (
				200000000000000000000008 /* ClipRecord.swift */,
			);
			path = Models;
			sourceTree = "<group>";
		};
		400000000000000000000007 /* Storage */ = {
			isa = PBXGroup;
			children = (
				200000000000000000000009 /* AppDatabase.swift */,
				200000000000000000000012 /* BlobStorage.swift */,
				200000000000000000000010 /* ClipRepository.swift */,
				200000000000000000000029 /* RetentionService.swift */,
			);
			path = Storage;
			sourceTree = "<group>";
		};
		400000000000000000000008 /* Support */ = {
			isa = PBXGroup;
			children = (
				200000000000000000000040 /* AppReviewRequestController.swift */,
				200000000000000000000024 /* PasteAutomationController.swift */,
				200000000000000000000025 /* GlobalHotKeyController.swift */,
				200000000000000000000027 /* LaunchAtLoginController.swift */,
				200000000000000000000007 /* AppPaths.swift */,
				20000000000000000000003C /* OnboardingState.swift */,
				200000000000000000000042 /* FeatureTipsState.swift */,
			);
			path = Support;
			sourceTree = "<group>";
		};
		400000000000000000000009 /* Clipboard */ = {
			isa = PBXGroup;
			children = (
				200000000000000000000030 /* BulkPasteController.swift */,
				200000000000000000000022 /* ClipRestorer.swift */,
				200000000000000000000014 /* ClipboardParser.swift */,
				200000000000000000000016 /* PasteboardMonitor.swift */,
			);
			path = Clipboard;
			sourceTree = "<group>";
		};
		400000000000000000000010 /* UI */ = {
			isa = PBXGroup;
			children = (
				200000000000000000000034 /* CursorPanelComponents.swift */,
				200000000000000000000035 /* HistoryAppKitInteractions.swift */,
				200000000000000000000036 /* HistoryRowComponents.swift */,
				200000000000000000000037 /* HistorySelectionSupport.swift */,
				200000000000000000000019 /* HistoryView.swift */,
				200000000000000000000020 /* HistoryViewModel.swift */,
				200000000000000000000039 /* ImagePreviewPanelController.swift */,
				20000000000000000000003D /* OnboardingWindowController.swift */,
				200000000000000000000043 /* FeatureTipBubble.swift */,
				200000000000000000000044 /* FeatureTipArrowBubble.swift */,
				20000000000000000000003F /* PasteFallbackPanelController.swift */,
				200000000000000000000021 /* ImageThumbnailCache.swift */,
				200000000000000000000026 /* PreferencesView.swift */,
				200000000000000000000028 /* PreferencesWindowController.swift */,
				20000000000000000000003A /* SavedClipsPanelController.swift */,
				20000000000000000000003B /* SavedClipsView.swift */,
				200000000000000000000018 /* StatusItemController.swift */,
			);
			path = UI;
			sourceTree = "<group>";
		};
/* End PBXGroup section */

/* Begin PBXNativeTarget section */
		500000000000000000000001 /* PasteList */ = {
			isa = PBXNativeTarget;
			buildConfigurationList = 900000000000000000000002 /* Build configuration list for PBXNativeTarget "PasteList" */;
			buildPhases = (
				600000000000000000000002 /* Sources */,
				600000000000000000000001 /* Frameworks */,
				600000000000000000000003 /* Resources */,
			);
			buildRules = (
			);
			dependencies = (
			);
			name = PasteList;
			packageProductDependencies = (
				700000000000000000000002 /* GRDB */,
			);
			productName = PasteList;
			productReference = 200000000000000000000005 /* PasteDebug.app */;
			productType = "com.apple.product-type.application";
		};
		500000000000000000000002 /* PasteListTests */ = {
			isa = PBXNativeTarget;
			buildConfigurationList = 900000000000000000000003 /* Build configuration list for PBXNativeTarget "PasteListTests" */;
			buildPhases = (
				600000000000000000000005 /* Sources */,
				600000000000000000000004 /* Frameworks */,
				600000000000000000000006 /* Resources */,
			);
			buildRules = (
			);
			dependencies = (
				300000000000000000000002 /* PBXTargetDependency */,
			);
			name = PasteListTests;
			packageProductDependencies = (
				700000000000000000000002 /* GRDB */,
			);
			productName = PasteListTests;
			productReference = 200000000000000000000006 /* PasteListTests.xctest */;
			productType = "com.apple.product-type.bundle.unit-test";
		};
/* End PBXNativeTarget section */

/* Begin PBXProject section */
		400000000000000000000001 /* Project object */ = {
			isa = PBXProject;
			attributes = {
				BuildIndependentTargetsInParallel = 1;
				LastSwiftUpdateCheck = 2660;
				LastUpgradeCheck = 2660;
				TargetAttributes = {
					500000000000000000000001 = {
						CreatedOnToolsVersion = 26.0;
					};
					500000000000000000000002 = {
						CreatedOnToolsVersion = 26.0;
						TestTargetID = 500000000000000000000001;
					};
				};
			};
			buildConfigurationList = 900000000000000000000001 /* Build configuration list for PBXProject "PasteList" */;
			developmentRegion = en;
			hasScannedForEncodings = 0;
			knownRegions = (
				en,
				Base,
			);
			mainGroup = 400000000000000000000002;
			minimizedProjectReferenceProxies = 1;
			packageReferences = (
				700000000000000000000001 /* XCRemoteSwiftPackageReference "GRDB.swift" */,
			);
			preferredProjectObjectVersion = 77;
			productRefGroup = 400000000000000000000005 /* Products */;
			projectDirPath = "";
			projectRoot = "";
			targets = (
				500000000000000000000001 /* PasteList */,
				500000000000000000000002 /* PasteListTests */,
			);
		};
/* End PBXProject section */

/* Begin PBXResourcesBuildPhase section */
		600000000000000000000003 /* Resources */ = {
			isa = PBXResourcesBuildPhase;
			buildActionMask = 2147483647;
			files = (
				100000000000000000000033 /* Assets.xcassets in Resources */,
				10000000000000000000003E /* PrivacyInfo.xcprivacy in Resources */,
			);
			runOnlyForDeploymentPostprocessing = 0;
		};
		600000000000000000000006 /* Resources */ = {
			isa = PBXResourcesBuildPhase;
			buildActionMask = 2147483647;
			files = (
			);
			runOnlyForDeploymentPostprocessing = 0;
		};
/* End PBXResourcesBuildPhase section */

/* Begin PBXSourcesBuildPhase section */
		600000000000000000000002 /* Sources */ = {
			isa = PBXSourcesBuildPhase;
			buildActionMask = 2147483647;
			files = (
				100000000000000000000002 /* AppConfiguration.swift in Sources */,
				100000000000000000000040 /* AppReviewRequestController.swift in Sources */,
				100000000000000000000007 /* AppDatabase.swift in Sources */,
				100000000000000000000005 /* AppPaths.swift in Sources */,
				100000000000000000000011 /* BlobStorage.swift in Sources */,
				100000000000000000000013 /* ClipboardParser.swift in Sources */,
				100000000000000000000006 /* ClipRecord.swift in Sources */,
				100000000000000000000009 /* ClipRepository.swift in Sources */,
				100000000000000000000029 /* RetentionService.swift in Sources */,
				100000000000000000000001 /* PasteListApp.swift in Sources */,
				100000000000000000000015 /* PasteboardMonitor.swift in Sources */,
				100000000000000000000022 /* ClipRestorer.swift in Sources */,
				100000000000000000000030 /* BulkPasteController.swift in Sources */,
				100000000000000000000018 /* StatusItemController.swift in Sources */,
				100000000000000000000024 /* PasteAutomationController.swift in Sources */,
				10000000000000000000003F /* PasteFallbackPanelController.swift in Sources */,
				100000000000000000000025 /* GlobalHotKeyController.swift in Sources */,
				100000000000000000000027 /* LaunchAtLoginController.swift in Sources */,
				10000000000000000000003C /* OnboardingState.swift in Sources */,
				100000000000000000000042 /* FeatureTipsState.swift in Sources */,
				100000000000000000000019 /* HistoryView.swift in Sources */,
				100000000000000000000034 /* CursorPanelComponents.swift in Sources */,
				100000000000000000000035 /* HistoryAppKitInteractions.swift in Sources */,
				100000000000000000000036 /* HistoryRowComponents.swift in Sources */,
				100000000000000000000037 /* HistorySelectionSupport.swift in Sources */,
				100000000000000000000020 /* HistoryViewModel.swift in Sources */,
				100000000000000000000039 /* ImagePreviewPanelController.swift in Sources */,
				10000000000000000000003D /* OnboardingWindowController.swift in Sources */,
				100000000000000000000043 /* FeatureTipBubble.swift in Sources */,
				100000000000000000000044 /* FeatureTipArrowBubble.swift in Sources */,
				100000000000000000000021 /* ImageThumbnailCache.swift in Sources */,
				100000000000000000000026 /* PreferencesView.swift in Sources */,
				100000000000000000000028 /* PreferencesWindowController.swift in Sources */,
				10000000000000000000003A /* SavedClipsPanelController.swift in Sources */,
				10000000000000000000003B /* SavedClipsView.swift in Sources */,
			);
			runOnlyForDeploymentPostprocessing = 0;
		};
		600000000000000000000005 /* Sources */ = {
			isa = PBXSourcesBuildPhase;
			buildActionMask = 2147483647;
			files = (
				100000000000000000000041 /* AppReviewRequestControllerTests.swift in Sources */,
				100000000000000000000012 /* BlobStorageTests.swift in Sources */,
				100000000000000000000032 /* BulkPasteTests.swift in Sources */,
				100000000000000000000014 /* ClipboardParserTests.swift in Sources */,
				100000000000000000000010 /* ClipRepositoryTests.swift in Sources */,
				100000000000000000000003 /* PasteListTests.swift in Sources */,
				100000000000000000000016 /* PasteboardMonitorTests.swift in Sources */,
				100000000000000000000038 /* HistoryViewModelTests.swift in Sources */,
				100000000000000000000023 /* ClipRestorerTests.swift in Sources */,
				100000000000000000000031 /* RetentionServiceTests.swift in Sources */,
			);
			runOnlyForDeploymentPostprocessing = 0;
		};
/* End PBXSourcesBuildPhase section */

/* Begin PBXTargetDependency section */
		300000000000000000000002 /* PBXTargetDependency */ = {
			isa = PBXTargetDependency;
			target = 500000000000000000000001 /* PasteList */;
			targetProxy = 300000000000000000000001 /* PBXContainerItemProxy */;
		};
/* End PBXTargetDependency section */

/* Begin XCBuildConfiguration section */
		800000000000000000000001 /* Debug */ = {
			isa = XCBuildConfiguration;
			buildSettings = {
				ALWAYS_SEARCH_USER_PATHS = NO;
				ARCHS = arm64;
				CLANG_ENABLE_MODULES = YES;
				CLANG_ENABLE_OBJC_ARC = YES;
				COPY_PHASE_STRIP = NO;
				DEBUG_INFORMATION_FORMAT = dwarf;
				DEVELOPMENT_LANGUAGE = en;
				ENABLE_TESTABILITY = YES;
				GCC_C_LANGUAGE_STANDARD = gnu17;
				GCC_OPTIMIZATION_LEVEL = 0;
				MACOSX_DEPLOYMENT_TARGET = 13.0;
				ONLY_ACTIVE_ARCH = YES;
				SDKROOT = macosx;
				SWIFT_ACTIVE_COMPILATION_CONDITIONS = "DEBUG $(inherited)";
				SWIFT_OPTIMIZATION_LEVEL = "-Onone";
			};
			name = Debug;
		};
		800000000000000000000002 /* Release */ = {
			isa = XCBuildConfiguration;
			buildSettings = {
				ALWAYS_SEARCH_USER_PATHS = NO;
				ARCHS = arm64;
				CLANG_ENABLE_MODULES = YES;
				CLANG_ENABLE_OBJC_ARC = YES;
				COPY_PHASE_STRIP = YES;
				DEBUG_INFORMATION_FORMAT = "dwarf-with-dsym";
				DEVELOPMENT_LANGUAGE = en;
				GCC_C_LANGUAGE_STANDARD = gnu17;
				MACOSX_DEPLOYMENT_TARGET = 13.0;
				SDKROOT = macosx;
				SWIFT_COMPILATION_MODE = wholemodule;
			};
			name = Release;
		};
		800000000000000000000003 /* Debug */ = {
			isa = XCBuildConfiguration;
			buildSettings = {
				ARCHS = "$(ARCHS_STANDARD)";
				ASSETCATALOG_COMPILER_APPICON_NAME = AppIcon;
				CODE_SIGN_ENTITLEMENTS = PasteList/PasteList.entitlements;
				CODE_SIGN_STYLE = Automatic;
				COMBINE_HIDPI_IMAGES = YES;
				CURRENT_PROJECT_VERSION = 2;
				DEVELOPMENT_TEAM = YLAH9S8V4W;
				ENABLE_APP_SANDBOX = YES;
				ENABLE_HARDENED_RUNTIME = YES;
				GENERATE_INFOPLIST_FILE = NO;
				INFOPLIST_FILE = PasteList/Info.plist;
				LD_RUNPATH_SEARCH_PATHS = (
					"$(inherited)",
					"@executable_path/../Frameworks",
				);
				MARKETING_VERSION = 1.2;
				PRODUCT_BUNDLE_IDENTIFIER = com.kam.pastelist.debug;
				PRODUCT_MODULE_NAME = PasteList;
				PRODUCT_NAME = PasteDebug;
				PROVISIONING_PROFILE_SPECIFIER = "";
				SWIFT_EMIT_LOC_STRINGS = YES;
				SWIFT_VERSION = 6.0;
			};
			name = Debug;
		};
		800000000000000000000004 /* Release */ = {
			isa = XCBuildConfiguration;
			buildSettings = {
				ARCHS = "$(ARCHS_STANDARD)";
				ASSETCATALOG_COMPILER_APPICON_NAME = AppIcon;
				CODE_SIGN_ENTITLEMENTS = PasteList/PasteList.entitlements;
				CODE_SIGN_STYLE = Automatic;
				COMBINE_HIDPI_IMAGES = YES;
				CURRENT_PROJECT_VERSION = 2;
				DEVELOPMENT_TEAM = YLAH9S8V4W;
				ENABLE_APP_SANDBOX = YES;
				ENABLE_HARDENED_RUNTIME = YES;
				GENERATE_INFOPLIST_FILE = NO;
				INFOPLIST_FILE = PasteList/Info.plist;
				LD_RUNPATH_SEARCH_PATHS = (
					"$(inherited)",
					"@executable_path/../Frameworks",
				);
				MARKETING_VERSION = 1.2;
				PRODUCT_BUNDLE_IDENTIFIER = com.kam.pastelist;
				PRODUCT_MODULE_NAME = PasteList;
				PRODUCT_NAME = PasteList;
				PROVISIONING_PROFILE_SPECIFIER = "";
				SWIFT_EMIT_LOC_STRINGS = YES;
				SWIFT_VERSION = 6.0;
			};
			name = Release;
		};
		800000000000000000000005 /* Debug */ = {
			isa = XCBuildConfiguration;
			buildSettings = {
				BUNDLE_LOADER = "$(TEST_HOST)";
				CODE_SIGN_STYLE = Automatic;
				DEVELOPMENT_TEAM = YLAH9S8V4W;
				ENABLE_APP_SANDBOX = NO;
				GENERATE_INFOPLIST_FILE = YES;
				MACOSX_DEPLOYMENT_TARGET = 13.0;
				PRODUCT_BUNDLE_IDENTIFIER = com.kam.pastelist.debug.tests;
				PRODUCT_NAME = "$(TARGET_NAME)";
				SWIFT_VERSION = 6.0;
				TEST_HOST = "$(BUILT_PRODUCTS_DIR)/PasteDebug.app/Contents/MacOS/PasteDebug";
			};
			name = Debug;
		};
		800000000000000000000006 /* Release */ = {
			isa = XCBuildConfiguration;
			buildSettings = {
				BUNDLE_LOADER = "$(TEST_HOST)";
				CODE_SIGN_STYLE = Automatic;
				DEVELOPMENT_TEAM = YLAH9S8V4W;
				ENABLE_APP_SANDBOX = NO;
				GENERATE_INFOPLIST_FILE = YES;
				MACOSX_DEPLOYMENT_TARGET = 13.0;
				PRODUCT_BUNDLE_IDENTIFIER = com.kam.pastelist.tests;
				PRODUCT_NAME = "$(TARGET_NAME)";
				SWIFT_VERSION = 6.0;
				TEST_HOST = "$(BUILT_PRODUCTS_DIR)/PasteList.app/Contents/MacOS/PasteList";
			};
			name = Release;
		};
/* End XCBuildConfiguration section */

/* Begin XCConfigurationList section */
		900000000000000000000001 /* Build configuration list for PBXProject "PasteList" */ = {
			isa = XCConfigurationList;
			buildConfigurations = (
				800000000000000000000001 /* Debug */,
				800000000000000000000002 /* Release */,
			);
			defaultConfigurationIsVisible = 0;
			defaultConfigurationName = Release;
		};
		900000000000000000000002 /* Build configuration list for PBXNativeTarget "PasteList" */ = {
			isa = XCConfigurationList;
			buildConfigurations = (
				800000000000000000000003 /* Debug */,
				800000000000000000000004 /* Release */,
			);
			defaultConfigurationIsVisible = 0;
			defaultConfigurationName = Release;
		};
		900000000000000000000003 /* Build configuration list for PBXNativeTarget "PasteListTests" */ = {
			isa = XCConfigurationList;
			buildConfigurations = (
				800000000000000000000005 /* Debug */,
				800000000000000000000006 /* Release */,
			);
			defaultConfigurationIsVisible = 0;
			defaultConfigurationName = Release;
		};
/* End XCConfigurationList section */

/* Begin XCRemoteSwiftPackageReference section */
		700000000000000000000001 /* XCRemoteSwiftPackageReference "GRDB.swift" */ = {
			isa = XCRemoteSwiftPackageReference;
			repositoryURL = "https://github.com/groue/GRDB.swift.git";
			requirement = {
				kind = exactVersion;
				version = 7.11.1;
			};
		};
/* End XCRemoteSwiftPackageReference section */

/* Begin XCSwiftPackageProductDependency section */
		700000000000000000000002 /* GRDB */ = {
			isa = XCSwiftPackageProductDependency;
			package = 700000000000000000000001 /* XCRemoteSwiftPackageReference "GRDB.swift" */;
			productName = GRDB;
		};
/* End XCSwiftPackageProductDependency section */
	};
	rootObject = 400000000000000000000001 /* Project object */;
}
